// !$*UTF8*$!
{
	archiveVersion = 1;
	classes = {
	};
	objectVersion = 48;
	objects = {

/* Begin PBXBuildFile section */
		E344BA251F6FCA1500D6CB38 /* main.m in Sources */ = {isa = PBXBuildFile; fileRef = E344BA241F6FCA1500D6CB38 /* main.m */; };
		E344BA2D1F6FCA9400D6CB38 /* Solution.m in Sources */ = {isa = PBXBuildFile; fileRef = E344BA2C1F6FCA9400D6CB38 /* Solution.m */; };
/* End PBXBuildFile section */

/* Begin PBXCopyFilesBuildPhase section */
		E344BA1F1F6FCA1500D6CB38 /* CopyFiles */ = {
			isa = PBXCopyFilesBuildPhase;
			buildActionMask = 2147483647;
			dstPath = /usr/share/man/man1/;
			dstSubfolderSpec = 0;
			files = (
			);
			runOnlyForDeploymentPostprocessing = 1;
		};
/* End PBXCopyFilesBuildPhase section */

/* Begin PBXFileReference section */
		E344BA211F6FCA1500D6CB38 /* 17. Letter Combinations of a Phone Number */ = {isa = PBXFileReference; explicitFileType = "compiled.mach-o.executable"; includeInIndex = 0; path = "17. Letter Combinations of a Phone Number"; sourceTree = BUILT_PRODUCTS_DIR; };
		E344BA241F6FCA1500D6CB38 /* main.m */ = {isa = PBXFileReference; lastKnownFileType = sourcecode.c.objc; path = main.m; sourceTree = "<group>"; };
		E344BA2B1F6FCA9400D6CB38 /* Solution.h */ = {isa = PBXFileReference; lastKnownFileType = sourcecode.c.h; path = Solution.h; sourceTree = "<group>"; };
		E344BA2C1F6FCA9400D6CB38 /* Solution.m */ = {isa = PBXFileReference; lastKnownFileType = sourcecode.c.objc; path = Solution.m; sourceTree = "<group>"; };
/* End PBXFileReference section */

/* Begin PBXFrameworksBuildPhase section */
		E344BA1E1F6FCA1500D6CB38 /* Frameworks */ = {
			isa = PBXFrameworksBuildPhase;
			buildActionMask = 2147483647;
			files = (
			);
			runOnlyForDeploymentPostprocessing = 0;
		};
/* End PBXFrameworksBuildPhase section */

/* Begin PBXGroup section */
		E344BA181F6FCA1500D6CB38 = {
			isa = PBXGroup;
			children = (
				E344BA231F6FCA1500D6CB38 /* 17. Letter Combinations of a Phone Number */,
				E344BA221F6FCA1500D6CB38 /* Products */,
			);
			sourceTree = "<group>";
		};
		E344BA221F6FCA1500D6CB38 /* Products */ = {
			isa = PBXGroup;
			children = (
				E344BA211F6FCA1500D6CB38 /* 17. Letter Combinations of a Phone Number */,
			);
			name = Products;
			sourceTree = "<group>";
		};
		E344BA231F6FCA1500D6CB38 /* 17. Letter Combinations of a Phone Number */ = {
			isa = PBXGroup;
			children = (
				E344BA241F6FCA1500D6CB38 /* main.m */,
				E344BA2B1F6FCA9400D6CB38 /* Solution.h */,
				E344BA2C1F6FCA9400D6CB38 /* Solution.m */,
			);
			path = "17. Letter Combinations of a Phone Number";
			sourceTree = "<group>";
		};
/* End PBXGroup section */

/* Begin PBXNativeTarget section */
		E344BA201F6FCA1500D6CB38 /* 17. Letter Combinations of a Phone Number */ = {
			isa = PBXNativeTarget;
			buildConfigurationList = E344BA281F6FCA1500D6CB38 /* Build configuration list for PBXNativeTarget "17. Letter Combinations of a Phone Number" */;
			buildPhases = (
				E344BA1D1F6FCA1500D6CB38 /* Sources */,
				E344BA1E1F6FCA1500D6CB38 /* Frameworks */,
				E344BA1F1F6FCA1500D6CB38 /* CopyFiles */,
			);
			buildRules = (
			);
			dependencies = (
			);
			name = "17. Letter Combinations of a Phone Number";
			productName = "17. Letter Combinations of a Phone Number";
			productReference = E344BA211F6FCA1500D6CB38 /* 17. Letter Combinations of a Phone Number */;
			productType = "com.apple.product-type.tool";
		};
/* End PBXNativeTarget section */

/* Begin PBXProject section */
		E344BA191F6FCA1500D6CB38 /* Project object */ = {
			isa = PBXProject;
			attributes = {
				LastUpgradeCheck = 0900;
				ORGANIZATIONNAME = Leetcode;
				TargetAttributes = {
					E344BA201F6FCA1500D6CB38 = {
						CreatedOnToolsVersion = 9.0;
						ProvisioningStyle = Automatic;
					};
				};
			};
			buildConfigurationList = E344BA1C1F6FCA1500D6CB38 /* Build configuration list for PBXProject "17. Letter Combinations of a Phone Number" */;
			compatibilityVersion = "Xcode 8.0";
			developmentRegion = en;
			hasScannedForEncodings = 0;
			knownRegions = (
				en,
			);
			mainGroup = E344BA181F6FCA1500D6CB38;
			productRefGroup = E344BA221F6FCA1500D6CB38 /* Products */;
			projectDirPath = "";
			projectRoot = "";
			targets = (
				E344BA201F6FCA1500D6CB38 /* 17. Letter Combinations of a Phone Number */,
			);
		};
/* End PBXProject section */

/* Begin PBXSourcesBuildPhase section */
		E344BA1D1F6FCA1500D6CB38 /* Sources */ = {
			isa = PBXSourcesBuildPhase;
			buildActionMask = 2147483647;
			files = (
				E344BA2D1F6FCA9400D6CB38 /* Solution.m in Sources */,
				E344BA251F6FCA1500D6CB38 /* main.m in Sources */,
			);
			runOnlyForDeploymentPostprocessing = 0;
		};
/* End PBXSourcesBuildPhase section */

/* Begin XCBuildConfiguration section */
		E344BA261F6FCA1500D6CB38 /* Debug */ = {
			isa = XCBuildConfiguration;
			buildSettings = {
				ALWAYS_SEARCH_USER_PATHS = NO;
				CLANG_ANALYZER_NONNULL = YES;
				CLANG_ANALYZER_NUMBER_OBJECT_CONVERSION = YES_AGGRESSIVE;
				CLANG_CXX_LANGUAGE_STANDARD = "gnu++14";
				CLANG_CXX_LIBRARY = "libc++";
				CLANG_ENABLE_MODULES = YES;
				CLANG_ENABLE_OBJC_ARC = YES;
				CLANG_WARN_BLOCK_CAPTURE_AUTORELEASING = YES;
				CLANG_WARN_BOOL_CONVERSION = YES;
				CLANG_WARN_COMMA = YES;
				CLANG_WARN_CONSTANT_CONVERSION = YES;
				CLANG_WARN_DIRECT_OBJC_ISA_USAGE = YES_ERROR;
				CLANG_WARN_DOCUMENTATION_COMMENTS = YES;
				CLANG_WARN_EMPTY_BODY = YES;
				CLANG_WARN_ENUM_CONVERSION = YES;
				CLANG_WARN_INFINITE_RECURSION = YES;
				CLANG_WARN_INT_CONVERSION = YES;
				CLANG_WARN_NON_LITERAL_NULL_CONVERSION = YES;
				CLANG_WARN_OBJC_LITERAL_CONVERSION = YES;
				CLANG_WARN_OBJC_ROOT_CLASS = YES_ERROR;
				CLANG_WARN_RANGE_LOOP_ANALYSIS = YES;
				CLANG_WARN_STRICT_PROTOTYPES = YES;
				CLANG_WARN_SUSPICIOUS_MOVE = YES;
				CLANG_WARN_UNGUARDED_AVAILABILITY = YES_AGGRESSIVE;
				CLANG_WARN_UNREACHABLE_CODE = YES;
				CLANG_WARN__DUPLICATE_METHOD_MATCH = YES;
				CODE_SIGN_IDENTITY = "-";
				COPY_PHASE_STRIP = NO;
				DEBUG_INFORMATION_FORMAT = dwarf;
				ENABLE_STRICT_OBJC_MSGSEND = YES;
				ENABLE_TESTABILITY = YES;
				GCC_C_LANGUAGE_STANDARD = gnu11;
				GCC_DYNAMIC_NO_PIC = NO;
				GCC_NO_COMMON_BLOCKS = YES;
				GCC_OPTIMIZATION_LEVEL = 0;
				GCC_PREPROCESSOR_DEFINITIONS = (
					"DEBUG=1",
					"$(inherited)",
				);
				GCC_WARN_64_TO_32_BIT_CONVERSION = YES;
				GCC_WARN_ABOUT_RETURN_TYPE = YES_ERROR;
				GCC_WARN_UNDECLARED_SELECTOR = YES;
				GCC_WARN_UNINITIALIZED_AUTOS = YES_AGGRESSIVE;
				GCC_WARN_UNUSED_FUNCTION = YES;
				GCC_WARN_UNUSED_VARIABLE = YES;
				MACOSX_DEPLOYMENT_TARGET = 10.13;
				MTL_ENABLE_DEBUG_INFO = YES;
				ONLY_ACTIVE_ARCH = YES;
				SDKROOT = macosx;
			};
			name = Debug;
		};
		E344BA271F6FCA1500D6CB38 /* Release */ = {
			isa = XCBuildConfiguration;
			buildSettings = {
				ALWAYS_SEARCH_USER_PATHS = NO;
				CLANG_ANALYZER_NONNULL = YES;
				CLANG_ANALYZER_NUMBER_OBJECT_CONVERSION = YES_AGGRESSIVE;
				CLANG_CXX_LANGUAGE_STANDARD = "gnu++14";
				CLANG_CXX_LIBRARY = "libc++";
				CLANG_ENABLE_MODULES = YES;
				CLANG_ENABLE_OBJC_ARC = YES;
				CLANG_WARN_BLOCK_CAPTURE_AUTORELEASING = YES;
				CLANG_WARN_BOOL_CONVERSION = YES;
				CLANG_WARN_COMMA = YES;
				CLANG_WARN_CONSTANT_CONVERSION = YES;
				CLANG_WARN_DIRECT_OBJC_ISA_USAGE = YES_ERROR;
				CLANG_WARN_DOCUMENTATION_COMMENTS = YES;
				CLANG_WARN_EMPTY_BODY = YES;
				CLANG_WARN_ENUM_CONVERSION = YES;
				CLANG_WARN_INFINITE_RECURSION = YES;
				CLANG_WARN_INT_CONVERSION = YES;
				CLANG_WARN_NON_LITERAL_NULL_CONVERSION = YES;
				CLANG_WARN_OBJC_LITERAL_CONVERSION = YES;
				CLANG_WARN_OBJC_ROOT_CLASS = YES_ERROR;
				CLANG_WARN_RANGE_LOOP_ANALYSIS = YES;
				CLANG_WARN_STRICT_PROTOTYPES = YES;
				CLANG_WARN_SUSPICIOUS_MOVE = YES;
				CLANG_WARN_UNGUARDED_AVAILABILITY = YES_AGGRESSIVE;
				CLANG_WARN_UNREACHABLE_CODE = YES;
				CLANG_WARN__DUPLICATE_METHOD_MATCH = YES;
				CODE_SIGN_IDENTITY = "-";
				COPY_PHASE_STRIP = NO;
				DEBUG_INFORMATION_FORMAT = "dwarf-with-dsym";
				ENABLE_NS_ASSERTIONS = NO;
				ENABLE_STRICT_OBJC_MSGSEND = YES;
				GCC_C_LANGUAGE_STANDARD = gnu11;
				GCC_NO_COMMON_BLOCKS = YES;
				GCC_WARN_64_TO_32_BIT_CONVERSION = YES;
				GCC_WARN_ABOUT_RETURN_TYPE = YES_ERROR;
				GCC_WARN_UNDECLARED_SELECTOR = YES;
				GCC_WARN_UNINITIALIZED_AUTOS = YES_AGGRESSIVE;
				GCC_WARN_UNUSED_FUNCTION = YES;
				GCC_WARN_UNUSED_VARIABLE = YES;
				MACOSX_DEPLOYMENT_TARGET = 10.13;
				MTL_ENABLE_DEBUG_INFO = NO;
				SDKROOT = macosx;
			};
			name = Release;
		};
		E344BA291F6FCA1500D6CB38 /* Debug */ = {
			isa = XCBuildConfiguration;
			buildSettings = {
				CODE_SIGN_STYLE = Automatic;
				PRODUCT_NAME = "$(TARGET_NAME)";
			};
			name = Debug;
		};
		E344BA2A1F6FCA1500D6CB38 /* Release */ = {
			isa = XCBuildConfiguration;
			buildSettings = {
				CODE_SIGN_STYLE = Automatic;
				PRODUCT_NAME = "$(TARGET_NAME)";
			};
			name = Release;
		};
/* End XCBuildConfiguration section */

/* Begin XCConfigurationList section */
		E344BA1C1F6FCA1500D6CB38 /* Build configuration list for PBXProject "17. Letter Combinations of a Phone Number" */ = {
			isa = XCConfigurationList;
			buildConfigurations = (
				E344BA261F6FCA1500D6CB38 /* Debug */,
				E344BA271F6FCA1500D6CB38 /* Release */,
			);
			defaultConfigurationIsVisible = 0;
			defaultConfigurationName = Release;
		};
		E344BA281F6FCA1500D6CB38 /* Build configuration list for PBXNativeTarget "17. Letter Combinations of a Phone Number" */ = {
			isa = XCConfigurationList;
			buildConfigurations = (
				E344BA291F6FCA1500D6CB38 /* Debug */,
				E344BA2A1F6FCA1500D6CB38 /* Release */,
			);
			defaultConfigurationIsVisible = 0;
			defaultConfigurationName = Release;
		};
/* End XCConfigurationList section */
	};
	rootObject = E344BA191F6FCA1500D6CB38 /* Project object */;
}
